
Microsoft Visual Studio Solution File, Format Version 12.00
# Visual Studio Version 17
VisualStudioVersion = 17.10.35004.147
MinimumVisualStudioVersion = 10.0.40219.1
Project("{9A19103F-16F7-4668-BE54-9A1E7A4F7556}") = "lenen", "lenen.csproj", "{9B2EF6CA-7A36-493E-8370-677C07F74FB3}"
EndProject
Global
	GlobalSection(SolutionConfigurationPlatforms) = preSolution
		Debug|Any CPU = Debug|Any CPU
		Release|Any CPU = Release|Any CPU
	EndGlobalSection
	GlobalSection(ProjectConfigurationPlatforms) = postSolution
		{9B2EF6CA-7A36-493E-8370-677C07F74FB3}.Debug|Any CPU.ActiveCfg = Debug|Any CPU
		{9B2EF6CA-7A36-493E-8370-677C07F74FB3}.Debug|Any CPU.Build.0 = Debug|Any CPU
		{9B2EF6CA-7A36-493E-8370-677C07F74FB3}.Release|Any CPU.ActiveCfg = Release|Any CPU
		{9B2EF6CA-7A36-493E-8370-677C07F74FB3}.Release|Any CPU.Build.0 = Release|Any CPU
	EndGlobalSection
	GlobalSection(SolutionProperties) = preSolution
		HideSolutionNode = FALSE
	EndGlobalSection
	GlobalSection(ExtensibilityGlobals) = postSolution
		SolutionGuid = {4821E0BE-347F-450A-A6E5-E70AC7868A1B}
	EndGlobalSection
EndGlobal
